PODS:
  - MyLibrary (0.5.0):
    - SDWebImage (>= 4.0.0)
  - SDWebImage (4.4.2):
    - SDWebImage/Core (= 4.4.2)
  - SDWebImage/Core (4.4.2)

DEPENDENCIES:
  - MyLibrary (from `../`)

SPEC REPOS:
  https://github.com/cocoapods/specs.git:
    - SDWebImage

EXTERNAL SOURCES:
  MyLibrary:
    :path: "../"

SPEC CHECKSUMS:
  MyLibrary: f8e0d891f1a6e2c72ac283edb5147a25dba1cf44
  SDWebImage: 624d6e296c69b244bcede364c72ae0430ac14681

PODFILE CHECKSUM: e0777c06c1323baa829f4b348ef1a79ee45d2409

COCOAPODS: 1.5.3
